
Microsoft Visual Studio Solution File, Format Version 12.00
# Visual Studio Version 16
VisualStudioVersion = 16.0.29102.190
MinimumVisualStudioVersion = 10.0.40219.1
Project("{FAE04EC0-301F-11D3-BF4B-00C04F79EFBC}") = "SistemaDeCervejas", "SistemaDeCervejas\SistemaDeCervejas.csproj", "{D4FAC35E-C2F1-48DE-A87B-43DF02F34BF7}"
EndProject
Global
	GlobalSection(SolutionConfigurationPlatforms) = preSolution
		Debug|Any CPU = Debug|Any CPU
		Release|Any CPU = Release|Any CPU
	EndGlobalSection
	GlobalSection(ProjectConfigurationPlatforms) = postSolution
		{D4FAC35E-C2F1-48DE-A87B-43DF02F34BF7}.Debug|Any CPU.ActiveCfg = Debug|Any CPU
		{D4FAC35E-C2F1-48DE-A87B-43DF02F34BF7}.Debug|Any CPU.Build.0 = Debug|Any CPU
		{D4FAC35E-C2F1-48DE-A87B-43DF02F34BF7}.Release|Any CPU.ActiveCfg = Release|Any CPU
		{D4FAC35E-C2F1-48DE-A87B-43DF02F34BF7}.Release|Any CPU.Build.0 = Release|Any CPU
	EndGlobalSection
	GlobalSection(SolutionProperties) = preSolution
		HideSolutionNode = FALSE
	EndGlobalSection
	GlobalSection(ExtensibilityGlobals) = postSolution
		SolutionGuid = {7B8DFB0A-5E36-4E64-B754-35ADCF01C3AC}
	EndGlobalSection
EndGlobal
