
Microsoft Visual Studio Solution File, Format Version 12.00
# Visual Studio Version 16
VisualStudioVersion = 16.0.29102.190
MinimumVisualStudioVersion = 10.0.40219.1
Project("{FAE04EC0-301F-11D3-BF4B-00C04F79EFBC}") = "AcessandoInformacao", "AcessandoInformacao\AcessandoInformacao.csproj", "{AEB65068-535F-4482-B148-90C61D387E3A}"
EndProject
Global
	GlobalSection(SolutionConfigurationPlatforms) = preSolution
		Debug|Any CPU = Debug|Any CPU
		Release|Any CPU = Release|Any CPU
	EndGlobalSection
	GlobalSection(ProjectConfigurationPlatforms) = postSolution
		{AEB65068-535F-4482-B148-90C61D387E3A}.Debug|Any CPU.ActiveCfg = Debug|Any CPU
		{AEB65068-535F-4482-B148-90C61D387E3A}.Debug|Any CPU.Build.0 = Debug|Any CPU
		{AEB65068-535F-4482-B148-90C61D387E3A}.Release|Any CPU.ActiveCfg = Release|Any CPU
		{AEB65068-535F-4482-B148-90C61D387E3A}.Release|Any CPU.Build.0 = Release|Any CPU
	EndGlobalSection
	GlobalSection(SolutionProperties) = preSolution
		HideSolutionNode = FALSE
	EndGlobalSection
	GlobalSection(ExtensibilityGlobals) = postSolution
		SolutionGuid = {87633F84-3A35-47B1-90C0-9962B2E4E311}
	EndGlobalSection
EndGlobal
