
Microsoft Visual Studio Solution File, Format Version 12.00
# Visual Studio Version 16
VisualStudioVersion = 16.0.29102.190
MinimumVisualStudioVersion = 10.0.40219.1
Project("{FAE04EC0-301F-11D3-BF4B-00C04F79EFBC}") = "ListagemDeCervejass", "ListagemDeCervejass\ListagemDeCervejass.csproj", "{846E3441-6EDF-4D54-986B-C3427536B01D}"
EndProject
Project("{FAE04EC0-301F-11D3-BF4B-00C04F79EFBC}") = "ConsoleApp1", "ConsoleApp1\ConsoleApp1.csproj", "{EFBCCB6D-D2FA-4547-BDCE-AB171EDCE1AD}"
EndProject
Global
	GlobalSection(SolutionConfigurationPlatforms) = preSolution
		Debug|Any CPU = Debug|Any CPU
		Release|Any CPU = Release|Any CPU
	EndGlobalSection
	GlobalSection(ProjectConfigurationPlatforms) = postSolution
		{846E3441-6EDF-4D54-986B-C3427536B01D}.Debug|Any CPU.ActiveCfg = Debug|Any CPU
		{846E3441-6EDF-4D54-986B-C3427536B01D}.Debug|Any CPU.Build.0 = Debug|Any CPU
		{846E3441-6EDF-4D54-986B-C3427536B01D}.Release|Any CPU.ActiveCfg = Release|Any CPU
		{846E3441-6EDF-4D54-986B-C3427536B01D}.Release|Any CPU.Build.0 = Release|Any CPU
		{EFBCCB6D-D2FA-4547-BDCE-AB171EDCE1AD}.Debug|Any CPU.ActiveCfg = Debug|Any CPU
		{EFBCCB6D-D2FA-4547-BDCE-AB171EDCE1AD}.Debug|Any CPU.Build.0 = Debug|Any CPU
		{EFBCCB6D-D2FA-4547-BDCE-AB171EDCE1AD}.Release|Any CPU.ActiveCfg = Release|Any CPU
		{EFBCCB6D-D2FA-4547-BDCE-AB171EDCE1AD}.Release|Any CPU.Build.0 = Release|Any CPU
	EndGlobalSection
	GlobalSection(SolutionProperties) = preSolution
		HideSolutionNode = FALSE
	EndGlobalSection
	GlobalSection(ExtensibilityGlobals) = postSolution
		SolutionGuid = {F72C7A0B-A71D-4169-A258-17049A33AE3A}
	EndGlobalSection
EndGlobal
